
Microsoft Visual Studio Solution File, Format Version 12.00
# Visual Studio Version 17
VisualStudioVersion = 17.10.34928.147
MinimumVisualStudioVersion = 10.0.40219.1
Project("{F14B399A-7131-4C87-9E4B-1186C45EF12D}") = "RMA.Reports.ClaimCare", "Reports\RMA.Reports.ClaimCare\RMA.Reports.ClaimCare.rptproj", "{A65B69F2-10CD-494F-8820-504C566E9487}"
EndProject
Project("{F14B399A-7131-4C87-9E4B-1186C45EF12D}") = "RMA.Reports.ClientCare.Policy", "Reports\RMA.Reports.ClientCare\Policy\RMA.Reports.ClientCare.Policy\RMA.Reports.ClientCare.Policy.rptproj", "{8C88C638-24F6-4372-8367-2B721FFA726A}"
EndProject
Project("{F14B399A-7131-4C87-9E4B-1186C45EF12D}") = "RMA.Reports.FinCare", "Reports\RMA.Reports.FinCare\RMA.Reports.FinCare.rptproj", "{A82EA9C2-B395-473F-818B-02EFE683327F}"
EndProject
Project("{F14B399A-7131-4C87-9E4B-1186C45EF12D}") = "RMA.Reports.Common", "Reports\RMA.Reports.Common\RMA.Reports.Common.rptproj", "{55866FFD-B0C3-4158-B401-DDC5ABC332D3}"
EndProject
Project("{F14B399A-7131-4C87-9E4B-1186C45EF12D}") = "RMA.Reports.DigiCare", "Reports\RMA.Reports.DigiCare\RMA.Reports.DigiCare.rptproj", "{9596E69F-BD05-4CA7-93B6-2645D9C38923}"
EndProject
Project("{F14B399A-7131-4C87-9E4B-1186C45EF12D}") = "RMA.Reports.PensCare", "Reports\RMA.Reports.PensCare\RMA.Reports.PensCare\RMA.Reports.PensCare.rptproj", "{9D6394F7-8100-44F5-96AB-1CDEFAEC0108}"
EndProject
Project("{F14B399A-7131-4C87-9E4B-1186C45EF12D}") = "RMA.Reports.MediCare", "Reports\RMA.Reports.MediCare\RMA.Reports.MediCare.rptproj", "{E67ED318-3797-4228-B3FD-ED65570101D8}"
EndProject
Global
	GlobalSection(SolutionConfigurationPlatforms) = preSolution
		Debug|Default = Debug|Default
		DebugLocal|Default = DebugLocal|Default
		Release|Default = Release|Default
	EndGlobalSection
	GlobalSection(ProjectConfigurationPlatforms) = postSolution
		{A65B69F2-10CD-494F-8820-504C566E9487}.Debug|Default.ActiveCfg = Debug
		{A65B69F2-10CD-494F-8820-504C566E9487}.Debug|Default.Build.0 = Debug
		{A65B69F2-10CD-494F-8820-504C566E9487}.Debug|Default.Deploy.0 = Debug
		{A65B69F2-10CD-494F-8820-504C566E9487}.DebugLocal|Default.ActiveCfg = DebugLocal
		{A65B69F2-10CD-494F-8820-504C566E9487}.DebugLocal|Default.Build.0 = DebugLocal
		{A65B69F2-10CD-494F-8820-504C566E9487}.Release|Default.ActiveCfg = Release
		{A65B69F2-10CD-494F-8820-504C566E9487}.Release|Default.Build.0 = Release
		{A65B69F2-10CD-494F-8820-504C566E9487}.Release|Default.Deploy.0 = Release
		{8C88C638-24F6-4372-8367-2B721FFA726A}.Debug|Default.ActiveCfg = Debug
		{8C88C638-24F6-4372-8367-2B721FFA726A}.Debug|Default.Build.0 = Debug
		{8C88C638-24F6-4372-8367-2B721FFA726A}.Debug|Default.Deploy.0 = Debug
		{8C88C638-24F6-4372-8367-2B721FFA726A}.DebugLocal|Default.ActiveCfg = DebugLocal
		{8C88C638-24F6-4372-8367-2B721FFA726A}.DebugLocal|Default.Build.0 = DebugLocal
		{8C88C638-24F6-4372-8367-2B721FFA726A}.Release|Default.ActiveCfg = Release
		{8C88C638-24F6-4372-8367-2B721FFA726A}.Release|Default.Build.0 = Release
		{8C88C638-24F6-4372-8367-2B721FFA726A}.Release|Default.Deploy.0 = Release
		{A82EA9C2-B395-473F-818B-02EFE683327F}.Debug|Default.ActiveCfg = Debug
		{A82EA9C2-B395-473F-818B-02EFE683327F}.Debug|Default.Build.0 = Debug
		{A82EA9C2-B395-473F-818B-02EFE683327F}.Debug|Default.Deploy.0 = Debug
		{A82EA9C2-B395-473F-818B-02EFE683327F}.DebugLocal|Default.ActiveCfg = DebugLocal
		{A82EA9C2-B395-473F-818B-02EFE683327F}.DebugLocal|Default.Build.0 = DebugLocal
		{A82EA9C2-B395-473F-818B-02EFE683327F}.DebugLocal|Default.Deploy.0 = DebugLocal
		{A82EA9C2-B395-473F-818B-02EFE683327F}.Release|Default.ActiveCfg = Release
		{A82EA9C2-B395-473F-818B-02EFE683327F}.Release|Default.Build.0 = Release
		{A82EA9C2-B395-473F-818B-02EFE683327F}.Release|Default.Deploy.0 = Release
		{55866FFD-B0C3-4158-B401-DDC5ABC332D3}.Debug|Default.ActiveCfg = Debug
		{55866FFD-B0C3-4158-B401-DDC5ABC332D3}.Debug|Default.Build.0 = Debug
		{55866FFD-B0C3-4158-B401-DDC5ABC332D3}.Debug|Default.Deploy.0 = Debug
		{55866FFD-B0C3-4158-B401-DDC5ABC332D3}.DebugLocal|Default.ActiveCfg = DebugLocal
		{55866FFD-B0C3-4158-B401-DDC5ABC332D3}.DebugLocal|Default.Build.0 = DebugLocal
		{55866FFD-B0C3-4158-B401-DDC5ABC332D3}.Release|Default.ActiveCfg = Release
		{55866FFD-B0C3-4158-B401-DDC5ABC332D3}.Release|Default.Build.0 = Release
		{55866FFD-B0C3-4158-B401-DDC5ABC332D3}.Release|Default.Deploy.0 = Release
		{9596E69F-BD05-4CA7-93B6-2645D9C38923}.Debug|Default.ActiveCfg = Debug
		{9596E69F-BD05-4CA7-93B6-2645D9C38923}.Debug|Default.Build.0 = Debug
		{9596E69F-BD05-4CA7-93B6-2645D9C38923}.Debug|Default.Deploy.0 = Debug
		{9596E69F-BD05-4CA7-93B6-2645D9C38923}.DebugLocal|Default.ActiveCfg = DebugLocal
		{9596E69F-BD05-4CA7-93B6-2645D9C38923}.DebugLocal|Default.Build.0 = DebugLocal
		{9596E69F-BD05-4CA7-93B6-2645D9C38923}.DebugLocal|Default.Deploy.0 = DebugLocal
		{9596E69F-BD05-4CA7-93B6-2645D9C38923}.Release|Default.ActiveCfg = Release
		{9596E69F-BD05-4CA7-93B6-2645D9C38923}.Release|Default.Build.0 = Release
		{9596E69F-BD05-4CA7-93B6-2645D9C38923}.Release|Default.Deploy.0 = Release
		{9D6394F7-8100-44F5-96AB-1CDEFAEC0108}.Debug|Default.ActiveCfg = Debug
		{9D6394F7-8100-44F5-96AB-1CDEFAEC0108}.Debug|Default.Build.0 = Debug
		{9D6394F7-8100-44F5-96AB-1CDEFAEC0108}.Debug|Default.Deploy.0 = Debug
		{9D6394F7-8100-44F5-96AB-1CDEFAEC0108}.DebugLocal|Default.ActiveCfg = DebugLocal
		{9D6394F7-8100-44F5-96AB-1CDEFAEC0108}.DebugLocal|Default.Build.0 = DebugLocal
		{9D6394F7-8100-44F5-96AB-1CDEFAEC0108}.Release|Default.ActiveCfg = Release
		{9D6394F7-8100-44F5-96AB-1CDEFAEC0108}.Release|Default.Build.0 = Release
		{9D6394F7-8100-44F5-96AB-1CDEFAEC0108}.Release|Default.Deploy.0 = Release
		{E67ED318-3797-4228-B3FD-ED65570101D8}.Debug|Default.ActiveCfg = Debug
		{E67ED318-3797-4228-B3FD-ED65570101D8}.Debug|Default.Build.0 = Debug
		{E67ED318-3797-4228-B3FD-ED65570101D8}.Debug|Default.Deploy.0 = Debug
		{E67ED318-3797-4228-B3FD-ED65570101D8}.DebugLocal|Default.ActiveCfg = DebugLocal
		{E67ED318-3797-4228-B3FD-ED65570101D8}.DebugLocal|Default.Build.0 = DebugLocal
		{E67ED318-3797-4228-B3FD-ED65570101D8}.DebugLocal|Default.Deploy.0 = DebugLocal
		{E67ED318-3797-4228-B3FD-ED65570101D8}.Release|Default.ActiveCfg = Release
		{E67ED318-3797-4228-B3FD-ED65570101D8}.Release|Default.Build.0 = Release
		{E67ED318-3797-4228-B3FD-ED65570101D8}.Release|Default.Deploy.0 = Release
	EndGlobalSection
	GlobalSection(SolutionProperties) = preSolution
		HideSolutionNode = FALSE
	EndGlobalSection
	GlobalSection(ExtensibilityGlobals) = postSolution
		SolutionGuid = {CB2BF756-2877-4803-BECB-A08079558299}
	EndGlobalSection
EndGlobal
