
Microsoft Visual Studio Solution File, Format Version 12.00
# Visual Studio Version 17
VisualStudioVersion = 17.4.34302.79
MinimumVisualStudioVersion = 10.0.40219.1
Project("{2150E333-8FDC-42A3-9474-1A3956D46DE8}") = "Solution Items", "Solution Items", "{F9507F7E-6924-42CA-A533-AAFCD2DC4DE1}"
EndProject
Project("{00D1A9C2-B5F0-4AF3-8072-F6C62B433612}") = "RMA.Database.MCC", "Database\RMA.Database.MCC\RMA.Database.MCC.sqlproj", "{029F36F4-0747-4BA4-9F0A-877DF60170DD}"
EndProject
Global
	GlobalSection(SolutionConfigurationPlatforms) = preSolution
		Debug|Any CPU = Debug|Any CPU
		Release|Any CPU = Release|Any CPU
	EndGlobalSection
	GlobalSection(ProjectConfigurationPlatforms) = postSolution
		{029F36F4-0747-4BA4-9F0A-877DF60170DD}.Debug|Any CPU.ActiveCfg = Release|Any CPU
		{029F36F4-0747-4BA4-9F0A-877DF60170DD}.Debug|Any CPU.Build.0 = Release|Any CPU
		{029F36F4-0747-4BA4-9F0A-877DF60170DD}.Debug|Any CPU.Deploy.0 = Release|Any CPU
		{029F36F4-0747-4BA4-9F0A-877DF60170DD}.Release|Any CPU.ActiveCfg = Release|Any CPU
		{029F36F4-0747-4BA4-9F0A-877DF60170DD}.Release|Any CPU.Build.0 = Release|Any CPU
		{029F36F4-0747-4BA4-9F0A-877DF60170DD}.Release|Any CPU.Deploy.0 = Release|Any CPU
	EndGlobalSection
	GlobalSection(SolutionProperties) = preSolution
		HideSolutionNode = FALSE
	EndGlobalSection
	GlobalSection(ExtensibilityGlobals) = postSolution
		SolutionGuid = {1F98EB87-3588-4ADC-BA54-4C9BAAFEDB2F}
	EndGlobalSection
EndGlobal
